
Microsoft Visual Studio Solution File, Format Version 12.00
# Visual Studio Version 16
VisualStudioVersion = 16.0.31911.196
MinimumVisualStudioVersion = 10.0.40219.1
Project("{9A19103F-16F7-4668-BE54-9A1E7A4F7556}") = "EveryMessageTerminalClient", "EveryMessageTerminalClient\EveryMessageTerminalClient.csproj", "{900A041C-FD28-4159-9C15-7CCCEEDD77D4}"
EndProject
Project("{FAE04EC0-301F-11D3-BF4B-00C04F79EFBC}") = "EveryMessageMobileWinClient.UWP", "EveryMessageMobileWinClient\EveryMessageMobileWinClient.UWP\EveryMessageMobileWinClient.UWP.csproj", "{DF4ED86D-7759-491A-AD00-0A23491997E3}"
EndProject
Project("{FAE04EC0-301F-11D3-BF4B-00C04F79EFBC}") = "EveryMessageMobileWinClient.Android", "EveryMessageMobileWinClient\EveryMessageMobileWinClient.Android\EveryMessageMobileWinClient.Android.csproj", "{458DFC86-FA14-484E-AACE-90F44F67FBEE}"
EndProject
Project("{FAE04EC0-301F-11D3-BF4B-00C04F79EFBC}") = "EveryMessageMobileWinClient.iOS", "EveryMessageMobileWinClient\EveryMessageMobileWinClient.iOS\EveryMessageMobileWinClient.iOS.csproj", "{1B14E7C8-3268-400D-AB6C-706D8C6D48A2}"
EndProject
Project("{9A19103F-16F7-4668-BE54-9A1E7A4F7556}") = "EveryMessageMobileWinClient", "EveryMessageMobileWinClient\EveryMessageMobileWinClient\EveryMessageMobileWinClient.csproj", "{3BC660CA-251F-42F6-B223-365F4FA8645A}"
EndProject
Project("{FAE04EC0-301F-11D3-BF4B-00C04F79EFBC}") = "EveryMessageBase", "EveryMessageBase\EveryMessageBase.csproj", "{BB01D2B0-33E7-477E-A994-014782D6FD25}"
EndProject
Project("{FAE04EC0-301F-11D3-BF4B-00C04F79EFBC}") = "EveryMessageServer", "EveryMessageServer\EveryMessageServer.csproj", "{93F358B1-E9AD-4F18-95A3-F1BD4F1170C6}"
EndProject
Global
	GlobalSection(SolutionConfigurationPlatforms) = preSolution
		Debug|Any CPU = Debug|Any CPU
		Debug|ARM = Debug|ARM
		Debug|iPhone = Debug|iPhone
		Debug|iPhoneSimulator = Debug|iPhoneSimulator
		Debug|x64 = Debug|x64
		Debug|x86 = Debug|x86
		Release|Any CPU = Release|Any CPU
		Release|ARM = Release|ARM
		Release|iPhone = Release|iPhone
		Release|iPhoneSimulator = Release|iPhoneSimulator
		Release|x64 = Release|x64
		Release|x86 = Release|x86
	EndGlobalSection
	GlobalSection(ProjectConfigurationPlatforms) = postSolution
		{900A041C-FD28-4159-9C15-7CCCEEDD77D4}.Debug|Any CPU.ActiveCfg = Debug|Any CPU
		{900A041C-FD28-4159-9C15-7CCCEEDD77D4}.Debug|Any CPU.Build.0 = Debug|Any CPU
		{900A041C-FD28-4159-9C15-7CCCEEDD77D4}.Debug|ARM.ActiveCfg = Debug|Any CPU
		{900A041C-FD28-4159-9C15-7CCCEEDD77D4}.Debug|ARM.Build.0 = Debug|Any CPU
		{900A041C-FD28-4159-9C15-7CCCEEDD77D4}.Debug|iPhone.ActiveCfg = Debug|Any CPU
		{900A041C-FD28-4159-9C15-7CCCEEDD77D4}.Debug|iPhone.Build.0 = Debug|Any CPU
		{900A041C-FD28-4159-9C15-7CCCEEDD77D4}.Debug|iPhoneSimulator.ActiveCfg = Debug|Any CPU
		{900A041C-FD28-4159-9C15-7CCCEEDD77D4}.Debug|iPhoneSimulator.Build.0 = Debug|Any CPU
		{900A041C-FD28-4159-9C15-7CCCEEDD77D4}.Debug|x64.ActiveCfg = Debug|Any CPU
		{900A041C-FD28-4159-9C15-7CCCEEDD77D4}.Debug|x64.Build.0 = Debug|Any CPU
		{900A041C-FD28-4159-9C15-7CCCEEDD77D4}.Debug|x86.ActiveCfg = Debug|Any CPU
		{900A041C-FD28-4159-9C15-7CCCEEDD77D4}.Debug|x86.Build.0 = Debug|Any CPU
		{900A041C-FD28-4159-9C15-7CCCEEDD77D4}.Release|Any CPU.ActiveCfg = Release|Any CPU
		{900A041C-FD28-4159-9C15-7CCCEEDD77D4}.Release|Any CPU.Build.0 = Release|Any CPU
		{900A041C-FD28-4159-9C15-7CCCEEDD77D4}.Release|ARM.ActiveCfg = Release|Any CPU
		{900A041C-FD28-4159-9C15-7CCCEEDD77D4}.Release|ARM.Build.0 = Release|Any CPU
		{900A041C-FD28-4159-9C15-7CCCEEDD77D4}.Release|iPhone.ActiveCfg = Release|Any CPU
		{900A041C-FD28-4159-9C15-7CCCEEDD77D4}.Release|iPhone.Build.0 = Release|Any CPU
		{900A041C-FD28-4159-9C15-7CCCEEDD77D4}.Release|iPhoneSimulator.ActiveCfg = Release|Any CPU
		{900A041C-FD28-4159-9C15-7CCCEEDD77D4}.Release|iPhoneSimulator.Build.0 = Release|Any CPU
		{900A041C-FD28-4159-9C15-7CCCEEDD77D4}.Release|x64.ActiveCfg = Release|Any CPU
		{900A041C-FD28-4159-9C15-7CCCEEDD77D4}.Release|x64.Build.0 = Release|Any CPU
		{900A041C-FD28-4159-9C15-7CCCEEDD77D4}.Release|x86.ActiveCfg = Release|Any CPU
		{900A041C-FD28-4159-9C15-7CCCEEDD77D4}.Release|x86.Build.0 = Release|Any CPU
		{DF4ED86D-7759-491A-AD00-0A23491997E3}.Debug|Any CPU.ActiveCfg = Debug|x86
		{DF4ED86D-7759-491A-AD00-0A23491997E3}.Debug|ARM.ActiveCfg = Debug|ARM
		{DF4ED86D-7759-491A-AD00-0A23491997E3}.Debug|ARM.Build.0 = Debug|ARM
		{DF4ED86D-7759-491A-AD00-0A23491997E3}.Debug|ARM.Deploy.0 = Debug|ARM
		{DF4ED86D-7759-491A-AD00-0A23491997E3}.Debug|iPhone.ActiveCfg = Debug|x86
		{DF4ED86D-7759-491A-AD00-0A23491997E3}.Debug|iPhoneSimulator.ActiveCfg = Debug|x86
		{DF4ED86D-7759-491A-AD00-0A23491997E3}.Debug|x64.ActiveCfg = Debug|x64
		{DF4ED86D-7759-491A-AD00-0A23491997E3}.Debug|x64.Build.0 = Debug|x64
		{DF4ED86D-7759-491A-AD00-0A23491997E3}.Debug|x64.Deploy.0 = Debug|x64
		{DF4ED86D-7759-491A-AD00-0A23491997E3}.Debug|x86.ActiveCfg = Debug|x86
		{DF4ED86D-7759-491A-AD00-0A23491997E3}.Debug|x86.Build.0 = Debug|x86
		{DF4ED86D-7759-491A-AD00-0A23491997E3}.Debug|x86.Deploy.0 = Debug|x86
		{DF4ED86D-7759-491A-AD00-0A23491997E3}.Release|Any CPU.ActiveCfg = Release|x86
		{DF4ED86D-7759-491A-AD00-0A23491997E3}.Release|ARM.ActiveCfg = Release|ARM
		{DF4ED86D-7759-491A-AD00-0A23491997E3}.Release|ARM.Build.0 = Release|ARM
		{DF4ED86D-7759-491A-AD00-0A23491997E3}.Release|ARM.Deploy.0 = Release|ARM
		{DF4ED86D-7759-491A-AD00-0A23491997E3}.Release|iPhone.ActiveCfg = Release|x86
		{DF4ED86D-7759-491A-AD00-0A23491997E3}.Release|iPhoneSimulator.ActiveCfg = Release|x86
		{DF4ED86D-7759-491A-AD00-0A23491997E3}.Release|x64.ActiveCfg = Release|x64
		{DF4ED86D-7759-491A-AD00-0A23491997E3}.Release|x64.Build.0 = Release|x64
		{DF4ED86D-7759-491A-AD00-0A23491997E3}.Release|x64.Deploy.0 = Release|x64
		{DF4ED86D-7759-491A-AD00-0A23491997E3}.Release|x86.ActiveCfg = Release|x86
		{DF4ED86D-7759-491A-AD00-0A23491997E3}.Release|x86.Build.0 = Release|x86
		{DF4ED86D-7759-491A-AD00-0A23491997E3}.Release|x86.Deploy.0 = Release|x86
		{458DFC86-FA14-484E-AACE-90F44F67FBEE}.Debug|Any CPU.ActiveCfg = Debug|Any CPU
		{458DFC86-FA14-484E-AACE-90F44F67FBEE}.Debug|Any CPU.Build.0 = Debug|Any CPU
		{458DFC86-FA14-484E-AACE-90F44F67FBEE}.Debug|Any CPU.Deploy.0 = Debug|Any CPU
		{458DFC86-FA14-484E-AACE-90F44F67FBEE}.Debug|ARM.ActiveCfg = Debug|Any CPU
		{458DFC86-FA14-484E-AACE-90F44F67FBEE}.Debug|ARM.Build.0 = Debug|Any CPU
		{458DFC86-FA14-484E-AACE-90F44F67FBEE}.Debug|ARM.Deploy.0 = Debug|Any CPU
		{458DFC86-FA14-484E-AACE-90F44F67FBEE}.Debug|iPhone.ActiveCfg = Debug|Any CPU
		{458DFC86-FA14-484E-AACE-90F44F67FBEE}.Debug|iPhone.Build.0 = Debug|Any CPU
		{458DFC86-FA14-484E-AACE-90F44F67FBEE}.Debug|iPhone.Deploy.0 = Debug|Any CPU
		{458DFC86-FA14-484E-AACE-90F44F67FBEE}.Debug|iPhoneSimulator.ActiveCfg = Debug|Any CPU
		{458DFC86-FA14-484E-AACE-90F44F67FBEE}.Debug|iPhoneSimulator.Build.0 = Debug|Any CPU
		{458DFC86-FA14-484E-AACE-90F44F67FBEE}.Debug|iPhoneSimulator.Deploy.0 = Debug|Any CPU
		{458DFC86-FA14-484E-AACE-90F44F67FBEE}.Debug|x64.ActiveCfg = Debug|Any CPU
		{458DFC86-FA14-484E-AACE-90F44F67FBEE}.Debug|x64.Build.0 = Debug|Any CPU
		{458DFC86-FA14-484E-AACE-90F44F67FBEE}.Debug|x64.Deploy.0 = Debug|Any CPU
		{458DFC86-FA14-484E-AACE-90F44F67FBEE}.Debug|x86.ActiveCfg = Debug|Any CPU
		{458DFC86-FA14-484E-AACE-90F44F67FBEE}.Debug|x86.Build.0 = Debug|Any CPU
		{458DFC86-FA14-484E-AACE-90F44F67FBEE}.Debug|x86.Deploy.0 = Debug|Any CPU
		{458DFC86-FA14-484E-AACE-90F44F67FBEE}.Release|Any CPU.ActiveCfg = Release|Any CPU
		{458DFC86-FA14-484E-AACE-90F44F67FBEE}.Release|Any CPU.Build.0 = Release|Any CPU
		{458DFC86-FA14-484E-AACE-90F44F67FBEE}.Release|Any CPU.Deploy.0 = Release|Any CPU
		{458DFC86-FA14-484E-AACE-90F44F67FBEE}.Release|ARM.ActiveCfg = Release|Any CPU
		{458DFC86-FA14-484E-AACE-90F44F67FBEE}.Release|ARM.Build.0 = Release|Any CPU
		{458DFC86-FA14-484E-AACE-90F44F67FBEE}.Release|ARM.Deploy.0 = Release|Any CPU
		{458DFC86-FA14-484E-AACE-90F44F67FBEE}.Release|iPhone.ActiveCfg = Release|Any CPU
		{458DFC86-FA14-484E-AACE-90F44F67FBEE}.Release|iPhone.Build.0 = Release|Any CPU
		{458DFC86-FA14-484E-AACE-90F44F67FBEE}.Release|iPhone.Deploy.0 = Release|Any CPU
		{458DFC86-FA14-484E-AACE-90F44F67FBEE}.Release|iPhoneSimulator.ActiveCfg = Release|Any CPU
		{458DFC86-FA14-484E-AACE-90F44F67FBEE}.Release|iPhoneSimulator.Build.0 = Release|Any CPU
		{458DFC86-FA14-484E-AACE-90F44F67FBEE}.Release|iPhoneSimulator.Deploy.0 = Release|Any CPU
		{458DFC86-FA14-484E-AACE-90F44F67FBEE}.Release|x64.ActiveCfg = Release|Any CPU
		{458DFC86-FA14-484E-AACE-90F44F67FBEE}.Release|x64.Build.0 = Release|Any CPU
		{458DFC86-FA14-484E-AACE-90F44F67FBEE}.Release|x64.Deploy.0 = Release|Any CPU
		{458DFC86-FA14-484E-AACE-90F44F67FBEE}.Release|x86.ActiveCfg = Release|Any CPU
		{458DFC86-FA14-484E-AACE-90F44F67FBEE}.Release|x86.Build.0 = Release|Any CPU
		{458DFC86-FA14-484E-AACE-90F44F67FBEE}.Release|x86.Deploy.0 = Release|Any CPU
		{1B14E7C8-3268-400D-AB6C-706D8C6D48A2}.Debug|Any CPU.ActiveCfg = Debug|iPhoneSimulator
		{1B14E7C8-3268-400D-AB6C-706D8C6D48A2}.Debug|ARM.ActiveCfg = Debug|iPhoneSimulator
		{1B14E7C8-3268-400D-AB6C-706D8C6D48A2}.Debug|iPhone.ActiveCfg = Debug|iPhone
		{1B14E7C8-3268-400D-AB6C-706D8C6D48A2}.Debug|iPhone.Build.0 = Debug|iPhone
		{1B14E7C8-3268-400D-AB6C-706D8C6D48A2}.Debug|iPhoneSimulator.ActiveCfg = Debug|iPhoneSimulator
		{1B14E7C8-3268-400D-AB6C-706D8C6D48A2}.Debug|iPhoneSimulator.Build.0 = Debug|iPhoneSimulator
		{1B14E7C8-3268-400D-AB6C-706D8C6D48A2}.Debug|x64.ActiveCfg = Debug|iPhoneSimulator
		{1B14E7C8-3268-400D-AB6C-706D8C6D48A2}.Debug|x86.ActiveCfg = Debug|iPhoneSimulator
		{1B14E7C8-3268-400D-AB6C-706D8C6D48A2}.Release|Any CPU.ActiveCfg = Release|iPhoneSimulator
		{1B14E7C8-3268-400D-AB6C-706D8C6D48A2}.Release|ARM.ActiveCfg = Release|iPhoneSimulator
		{1B14E7C8-3268-400D-AB6C-706D8C6D48A2}.Release|iPhone.ActiveCfg = Release|iPhone
		{1B14E7C8-3268-400D-AB6C-706D8C6D48A2}.Release|iPhone.Build.0 = Release|iPhone
		{1B14E7C8-3268-400D-AB6C-706D8C6D48A2}.Release|iPhoneSimulator.ActiveCfg = Release|iPhoneSimulator
		{1B14E7C8-3268-400D-AB6C-706D8C6D48A2}.Release|iPhoneSimulator.Build.0 = Release|iPhoneSimulator
		{1B14E7C8-3268-400D-AB6C-706D8C6D48A2}.Release|x64.ActiveCfg = Release|iPhoneSimulator
		{1B14E7C8-3268-400D-AB6C-706D8C6D48A2}.Release|x86.ActiveCfg = Release|iPhoneSimulator
		{3BC660CA-251F-42F6-B223-365F4FA8645A}.Debug|Any CPU.ActiveCfg = Debug|Any CPU
		{3BC660CA-251F-42F6-B223-365F4FA8645A}.Debug|Any CPU.Build.0 = Debug|Any CPU
		{3BC660CA-251F-42F6-B223-365F4FA8645A}.Debug|ARM.ActiveCfg = Debug|Any CPU
		{3BC660CA-251F-42F6-B223-365F4FA8645A}.Debug|ARM.Build.0 = Debug|Any CPU
		{3BC660CA-251F-42F6-B223-365F4FA8645A}.Debug|iPhone.ActiveCfg = Debug|Any CPU
		{3BC660CA-251F-42F6-B223-365F4FA8645A}.Debug|iPhone.Build.0 = Debug|Any CPU
		{3BC660CA-251F-42F6-B223-365F4FA8645A}.Debug|iPhoneSimulator.ActiveCfg = Debug|Any CPU
		{3BC660CA-251F-42F6-B223-365F4FA8645A}.Debug|iPhoneSimulator.Build.0 = Debug|Any CPU
		{3BC660CA-251F-42F6-B223-365F4FA8645A}.Debug|x64.ActiveCfg = Debug|Any CPU
		{3BC660CA-251F-42F6-B223-365F4FA8645A}.Debug|x64.Build.0 = Debug|Any CPU
		{3BC660CA-251F-42F6-B223-365F4FA8645A}.Debug|x86.ActiveCfg = Debug|Any CPU
		{3BC660CA-251F-42F6-B223-365F4FA8645A}.Debug|x86.Build.0 = Debug|Any CPU
		{3BC660CA-251F-42F6-B223-365F4FA8645A}.Release|Any CPU.ActiveCfg = Release|Any CPU
		{3BC660CA-251F-42F6-B223-365F4FA8645A}.Release|Any CPU.Build.0 = Release|Any CPU
		{3BC660CA-251F-42F6-B223-365F4FA8645A}.Release|ARM.ActiveCfg = Release|Any CPU
		{3BC660CA-251F-42F6-B223-365F4FA8645A}.Release|ARM.Build.0 = Release|Any CPU
		{3BC660CA-251F-42F6-B223-365F4FA8645A}.Release|iPhone.ActiveCfg = Release|Any CPU
		{3BC660CA-251F-42F6-B223-365F4FA8645A}.Release|iPhone.Build.0 = Release|Any CPU
		{3BC660CA-251F-42F6-B223-365F4FA8645A}.Release|iPhoneSimulator.ActiveCfg = Release|Any CPU
		{3BC660CA-251F-42F6-B223-365F4FA8645A}.Release|iPhoneSimulator.Build.0 = Release|Any CPU
		{3BC660CA-251F-42F6-B223-365F4FA8645A}.Release|x64.ActiveCfg = Release|Any CPU
		{3BC660CA-251F-42F6-B223-365F4FA8645A}.Release|x64.Build.0 = Release|Any CPU
		{3BC660CA-251F-42F6-B223-365F4FA8645A}.Release|x86.ActiveCfg = Release|Any CPU
		{3BC660CA-251F-42F6-B223-365F4FA8645A}.Release|x86.Build.0 = Release|Any CPU
		{BB01D2B0-33E7-477E-A994-014782D6FD25}.Debug|Any CPU.ActiveCfg = Debug|Any CPU
		{BB01D2B0-33E7-477E-A994-014782D6FD25}.Debug|Any CPU.Build.0 = Debug|Any CPU
		{BB01D2B0-33E7-477E-A994-014782D6FD25}.Debug|ARM.ActiveCfg = Debug|Any CPU
		{BB01D2B0-33E7-477E-A994-014782D6FD25}.Debug|ARM.Build.0 = Debug|Any CPU
		{BB01D2B0-33E7-477E-A994-014782D6FD25}.Debug|iPhone.ActiveCfg = Debug|Any CPU
		{BB01D2B0-33E7-477E-A994-014782D6FD25}.Debug|iPhone.Build.0 = Debug|Any CPU
		{BB01D2B0-33E7-477E-A994-014782D6FD25}.Debug|iPhoneSimulator.ActiveCfg = Debug|Any CPU
		{BB01D2B0-33E7-477E-A994-014782D6FD25}.Debug|iPhoneSimulator.Build.0 = Debug|Any CPU
		{BB01D2B0-33E7-477E-A994-014782D6FD25}.Debug|x64.ActiveCfg = Debug|Any CPU
		{BB01D2B0-33E7-477E-A994-014782D6FD25}.Debug|x64.Build.0 = Debug|Any CPU
		{BB01D2B0-33E7-477E-A994-014782D6FD25}.Debug|x86.ActiveCfg = Debug|Any CPU
		{BB01D2B0-33E7-477E-A994-014782D6FD25}.Debug|x86.Build.0 = Debug|Any CPU
		{BB01D2B0-33E7-477E-A994-014782D6FD25}.Release|Any CPU.ActiveCfg = Release|Any CPU
		{BB01D2B0-33E7-477E-A994-014782D6FD25}.Release|Any CPU.Build.0 = Release|Any CPU
		{BB01D2B0-33E7-477E-A994-014782D6FD25}.Release|ARM.ActiveCfg = Release|Any CPU
		{BB01D2B0-33E7-477E-A994-014782D6FD25}.Release|ARM.Build.0 = Release|Any CPU
		{BB01D2B0-33E7-477E-A994-014782D6FD25}.Release|iPhone.ActiveCfg = Release|Any CPU
		{BB01D2B0-33E7-477E-A994-014782D6FD25}.Release|iPhone.Build.0 = Release|Any CPU
		{BB01D2B0-33E7-477E-A994-014782D6FD25}.Release|iPhoneSimulator.ActiveCfg = Release|Any CPU
		{BB01D2B0-33E7-477E-A994-014782D6FD25}.Release|iPhoneSimulator.Build.0 = Release|Any CPU
		{BB01D2B0-33E7-477E-A994-014782D6FD25}.Release|x64.ActiveCfg = Release|Any CPU
		{BB01D2B0-33E7-477E-A994-014782D6FD25}.Release|x64.Build.0 = Release|Any CPU
		{BB01D2B0-33E7-477E-A994-014782D6FD25}.Release|x86.ActiveCfg = Release|Any CPU
		{BB01D2B0-33E7-477E-A994-014782D6FD25}.Release|x86.Build.0 = Release|Any CPU
		{93F358B1-E9AD-4F18-95A3-F1BD4F1170C6}.Debug|Any CPU.ActiveCfg = Debug|Any CPU
		{93F358B1-E9AD-4F18-95A3-F1BD4F1170C6}.Debug|Any CPU.Build.0 = Debug|Any CPU
		{93F358B1-E9AD-4F18-95A3-F1BD4F1170C6}.Debug|ARM.ActiveCfg = Debug|Any CPU
		{93F358B1-E9AD-4F18-95A3-F1BD4F1170C6}.Debug|ARM.Build.0 = Debug|Any CPU
		{93F358B1-E9AD-4F18-95A3-F1BD4F1170C6}.Debug|iPhone.ActiveCfg = Debug|Any CPU
		{93F358B1-E9AD-4F18-95A3-F1BD4F1170C6}.Debug|iPhone.Build.0 = Debug|Any CPU
		{93F358B1-E9AD-4F18-95A3-F1BD4F1170C6}.Debug|iPhoneSimulator.ActiveCfg = Debug|Any CPU
		{93F358B1-E9AD-4F18-95A3-F1BD4F1170C6}.Debug|iPhoneSimulator.Build.0 = Debug|Any CPU
		{93F358B1-E9AD-4F18-95A3-F1BD4F1170C6}.Debug|x64.ActiveCfg = Debug|Any CPU
		{93F358B1-E9AD-4F18-95A3-F1BD4F1170C6}.Debug|x64.Build.0 = Debug|Any CPU
		{93F358B1-E9AD-4F18-95A3-F1BD4F1170C6}.Debug|x86.ActiveCfg = Debug|Any CPU
		{93F358B1-E9AD-4F18-95A3-F1BD4F1170C6}.Debug|x86.Build.0 = Debug|Any CPU
		{93F358B1-E9AD-4F18-95A3-F1BD4F1170C6}.Release|Any CPU.ActiveCfg = Release|Any CPU
		{93F358B1-E9AD-4F18-95A3-F1BD4F1170C6}.Release|Any CPU.Build.0 = Release|Any CPU
		{93F358B1-E9AD-4F18-95A3-F1BD4F1170C6}.Release|ARM.ActiveCfg = Release|Any CPU
		{93F358B1-E9AD-4F18-95A3-F1BD4F1170C6}.Release|ARM.Build.0 = Release|Any CPU
		{93F358B1-E9AD-4F18-95A3-F1BD4F1170C6}.Release|iPhone.ActiveCfg = Release|Any CPU
		{93F358B1-E9AD-4F18-95A3-F1BD4F1170C6}.Release|iPhone.Build.0 = Release|Any CPU
		{93F358B1-E9AD-4F18-95A3-F1BD4F1170C6}.Release|iPhoneSimulator.ActiveCfg = Release|Any CPU
		{93F358B1-E9AD-4F18-95A3-F1BD4F1170C6}.Release|iPhoneSimulator.Build.0 = Release|Any CPU
		{93F358B1-E9AD-4F18-95A3-F1BD4F1170C6}.Release|x64.ActiveCfg = Release|Any CPU
		{93F358B1-E9AD-4F18-95A3-F1BD4F1170C6}.Release|x64.Build.0 = Release|Any CPU
		{93F358B1-E9AD-4F18-95A3-F1BD4F1170C6}.Release|x86.ActiveCfg = Release|Any CPU
		{93F358B1-E9AD-4F18-95A3-F1BD4F1170C6}.Release|x86.Build.0 = Release|Any CPU
	EndGlobalSection
	GlobalSection(SolutionProperties) = preSolution
		HideSolutionNode = FALSE
	EndGlobalSection
	GlobalSection(ExtensibilityGlobals) = postSolution
		SolutionGuid = {5F022F0C-62D1-4577-A543-3660815568D7}
	EndGlobalSection
EndGlobal
